# This file is autogenerated, do not edit; changes may be undone by the next 'dep ensure'.


[[projects]]
  name = "github.com/alexellis/faas-provider"
  packages = ["types"]
  revision = "b9f261986a88ce62bbca20af2ff2dcf1d46a8df8"
  version = "0.4"

[[projects]]
  branch = "master"
  name = "github.com/donovanhide/eventsource"
  packages = ["."]
  revision = "3ed64d21fb0b6bd8b49bcfec08f3004daee8723d"

[[projects]]
  name = "github.com/gambol99/go-marathon"
  packages = ["."]
  revision = "6b00a5b651b1beb2c6821863f7c60df490bd46c8"
  version = "v0.7.1"

[[projects]]
  branch = "master"
  name = "github.com/google/go-querystring"
  packages = ["query"]
  revision = "53e6ce116135b80d037921a7fdd5138cf32d7a8a"

[[projects]]
  name = "github.com/gorilla/context"
  packages = ["."]
  revision = "1ea25387ff6f684839d82767c1733ff4d4d15d0a"
  version = "v1.1"

[[projects]]
  name = "github.com/gorilla/mux"
  packages = ["."]
  revision = "7f08801859139f86dfafd1c296e2cba9a80d292e"
  version = "v1.6.0"

[[projects]]
  name = "github.com/openfaas/faas"
  packages = ["gateway/requests"]
  revision = "aba3a8ca2d6796fdda0e2bd253a13b74fea475c8"
  version = "0.6.13"

[[projects]]
  name = "github.com/openfaas/faas-netes"
  packages = ["types"]
  revision = "796214f38046f655421dbcf850af216358cf63c5"
  version = "0.3.9"

[[projects]]
  name = "github.com/openfaas/faas-provider"
  packages = ["types"]
  revision = "b9f261986a88ce62bbca20af2ff2dcf1d46a8df8"
  version = "0.4"

[[projects]]
  name = "github.com/realbot/faas-provider"
  packages = ["."]
  revision = "71aca3d49078d194c9f93697bac7166f0ff2a037"
  version = "0.3"

[solve-meta]
  analyzer-name = "dep"
  analyzer-version = 1
  inputs-digest = "78a2b01ca9aa6a2330e8b3016bd118d318b36a81b91edc5dc8298867914bd58c"
  solver-name = "gps-cdcl"
  solver-version = 1
